
Microsoft Visual Studio Solution File, Format Version 12.00
# Visual Studio Version 17
VisualStudioVersion = 17.12.35707.178
MinimumVisualStudioVersion = 10.0.40219.1
Project("{FAE04EC0-301F-11D3-BF4B-00C04F79EFBC}") = "BankWebApp", "BankWebApp\BankWebApp.csproj", "{0C425684-0A4F-49FF-91D9-83985E3276D1}"
EndProject
Project("{FAE04EC0-301F-11D3-BF4B-00C04F79EFBC}") = "DataAccessLayer", "DataAccessLayer\DataAccessLayer.csproj", "{0CDCC657-4315-4D6C-89A5-532B61034933}"
EndProject
Project("{FAE04EC0-301F-11D3-BF4B-00C04F79EFBC}") = "Services", "Services\Services.csproj", "{148E63CA-7CC1-4BD1-9958-AA62FC6F7202}"
EndProject
Project("{FAE04EC0-301F-11D3-BF4B-00C04F79EFBC}") = "MoneyLaunderingConsoleApp", "MoneyLaunderingConsoleApp\MoneyLaunderingConsoleApp.csproj", "{630234AE-2329-4663-804E-452C0696D949}"
EndProject
Global
	GlobalSection(SolutionConfigurationPlatforms) = preSolution
		Debug|Any CPU = Debug|Any CPU
		Release|Any CPU = Release|Any CPU
	EndGlobalSection
	GlobalSection(ProjectConfigurationPlatforms) = postSolution
		{0C425684-0A4F-49FF-91D9-83985E3276D1}.Debug|Any CPU.ActiveCfg = Debug|Any CPU
		{0C425684-0A4F-49FF-91D9-83985E3276D1}.Debug|Any CPU.Build.0 = Debug|Any CPU
		{0C425684-0A4F-49FF-91D9-83985E3276D1}.Release|Any CPU.ActiveCfg = Release|Any CPU
		{0C425684-0A4F-49FF-91D9-83985E3276D1}.Release|Any CPU.Build.0 = Release|Any CPU
		{0CDCC657-4315-4D6C-89A5-532B61034933}.Debug|Any CPU.ActiveCfg = Debug|Any CPU
		{0CDCC657-4315-4D6C-89A5-532B61034933}.Debug|Any CPU.Build.0 = Debug|Any CPU
		{0CDCC657-4315-4D6C-89A5-532B61034933}.Release|Any CPU.ActiveCfg = Release|Any CPU
		{0CDCC657-4315-4D6C-89A5-532B61034933}.Release|Any CPU.Build.0 = Release|Any CPU
		{148E63CA-7CC1-4BD1-9958-AA62FC6F7202}.Debug|Any CPU.ActiveCfg = Debug|Any CPU
		{148E63CA-7CC1-4BD1-9958-AA62FC6F7202}.Debug|Any CPU.Build.0 = Debug|Any CPU
		{148E63CA-7CC1-4BD1-9958-AA62FC6F7202}.Release|Any CPU.ActiveCfg = Release|Any CPU
		{148E63CA-7CC1-4BD1-9958-AA62FC6F7202}.Release|Any CPU.Build.0 = Release|Any CPU
		{630234AE-2329-4663-804E-452C0696D949}.Debug|Any CPU.ActiveCfg = Debug|Any CPU
		{630234AE-2329-4663-804E-452C0696D949}.Debug|Any CPU.Build.0 = Debug|Any CPU
		{630234AE-2329-4663-804E-452C0696D949}.Release|Any CPU.ActiveCfg = Release|Any CPU
		{630234AE-2329-4663-804E-452C0696D949}.Release|Any CPU.Build.0 = Release|Any CPU
	EndGlobalSection
	GlobalSection(SolutionProperties) = preSolution
		HideSolutionNode = FALSE
	EndGlobalSection
EndGlobal
